// !$*UTF8*$!
{
	archiveVersion = 1;
	classes = {
	};
	objectVersion = 56;
	objects = {

/* Begin PBXBuildFile section */
		3084102F2A023DEF00B0351E /* FeedFeatureApp.swift in Sources */ = {isa = PBXBuildFile; fileRef = 3084102E2A023DEF00B0351E /* FeedFeatureApp.swift */; };
		308410312A023DEF00B0351E /* ContentView.swift in Sources */ = {isa = PBXBuildFile; fileRef = 308410302A023DEF00B0351E /* ContentView.swift */; };
		308410332A023DF800B0351E /* Assets.xcassets in Resources */ = {isa = PBXBuildFile; fileRef = 308410322A023DF800B0351E /* Assets.xcassets */; };
		308410362A023DF800B0351E /* Preview Assets.xcassets in Resources */ = {isa = PBXBuildFile; fileRef = 308410352A023DF800B0351E /* Preview Assets.xcassets */; };
		308410402A023DF900B0351E /* FeedFeatureTests.swift in Sources */ = {isa = PBXBuildFile; fileRef = 3084103F2A023DF900B0351E /* FeedFeatureTests.swift */; };
		3084104A2A023DF900B0351E /* FeedFeatureUITests.swift in Sources */ = {isa = PBXBuildFile; fileRef = 308410492A023DF900B0351E /* FeedFeatureUITests.swift */; };
		3084104C2A023DF900B0351E /* FeedFeatureUITestsLaunchTests.swift in Sources */ = {isa = PBXBuildFile; fileRef = 3084104B2A023DF900B0351E /* FeedFeatureUITestsLaunchTests.swift */; };
/* End PBXBuildFile section */

/* Begin PBXContainerItemProxy section */
		3084103C2A023DF900B0351E /* PBXContainerItemProxy */ = {
			isa = PBXContainerItemProxy;
			containerPortal = 308410232A023DEE00B0351E /* Project object */;
			proxyType = 1;
			remoteGlobalIDString = 3084102A2A023DEF00B0351E;
			remoteInfo = FeedFeature;
		};
		308410462A023DF900B0351E /* PBXContainerItemProxy */ = {
			isa = PBXContainerItemProxy;
			containerPortal = 308410232A023DEE00B0351E /* Project object */;
			proxyType = 1;
			remoteGlobalIDString = 3084102A2A023DEF00B0351E;
			remoteInfo = FeedFeature;
		};
/* End PBXContainerItemProxy section */

/* Begin PBXFileReference section */
		3084102B2A023DEF00B0351E /* FeedFeature.app */ = {isa = PBXFileReference; explicitFileType = wrapper.application; includeInIndex = 0; path = FeedFeature.app; sourceTree = BUILT_PRODUCTS_DIR; };
		3084102E2A023DEF00B0351E /* FeedFeatureApp.swift */ = {isa = PBXFileReference; lastKnownFileType = sourcecode.swift; path = FeedFeatureApp.swift; sourceTree = "<group>"; };
		308410302A023DEF00B0351E /* ContentView.swift */ = {isa = PBXFileReference; lastKnownFileType = sourcecode.swift; path = ContentView.swift; sourceTree = "<group>"; };
		308410322A023DF800B0351E /* Assets.xcassets */ = {isa = PBXFileReference; lastKnownFileType = folder.assetcatalog; path = Assets.xcassets; sourceTree = "<group>"; };
		308410352A023DF800B0351E /* Preview Assets.xcassets */ = {isa = PBXFileReference; lastKnownFileType = folder.assetcatalog; path = "Preview Assets.xcassets"; sourceTree = "<group>"; };
		3084103B2A023DF900B0351E /* FeedFeatureTests.xctest */ = {isa = PBXFileReference; explicitFileType = wrapper.cfbundle; includeInIndex = 0; path = FeedFeatureTests.xctest; sourceTree = BUILT_PRODUCTS_DIR; };
		3084103F2A023DF900B0351E /* FeedFeatureTests.swift */ = {isa = PBXFileReference; lastKnownFileType = sourcecode.swift; path = FeedFeatureTests.swift; sourceTree = "<group>"; };
		308410452A023DF900B0351E /* FeedFeatureUITests.xctest */ = {isa = PBXFileReference; explicitFileType = wrapper.cfbundle; includeInIndex = 0; path = FeedFeatureUITests.xctest; sourceTree = BUILT_PRODUCTS_DIR; };
		308410492A023DF900B0351E /* FeedFeatureUITests.swift */ = {isa = PBXFileReference; lastKnownFileType = sourcecode.swift; path = FeedFeatureUITests.swift; sourceTree = "<group>"; };
		3084104B2A023DF900B0351E /* FeedFeatureUITestsLaunchTests.swift */ = {isa = PBXFileReference; lastKnownFileType = sourcecode.swift; path = FeedFeatureUITestsLaunchTests.swift; sourceTree = "<group>"; };
/* End PBXFileReference section */

/* Begin PBXFrameworksBuildPhase section */
		308410282A023DEF00B0351E /* Frameworks */ = {
			isa = PBXFrameworksBuildPhase;
			buildActionMask = 2147483647;
			files = (
			);
			runOnlyForDeploymentPostprocessing = 0;
		};
		308410382A023DF900B0351E /* Frameworks */ = {
			isa = PBXFrameworksBuildPhase;
			buildActionMask = 2147483647;
			files = (
			);
			runOnlyForDeploymentPostprocessing = 0;
		};
		308410422A023DF900B0351E /* Frameworks */ = {
			isa = PBXFrameworksBuildPhase;
			buildActionMask = 2147483647;
			files = (
			);
			runOnlyForDeploymentPostprocessing = 0;
		};
/* End PBXFrameworksBuildPhase section */

/* Begin PBXGroup section */
		308410222A023DEE00B0351E = {
			isa = PBXGroup;
			children = (
				3084102D2A023DEF00B0351E /* FeedFeature */,
				3084103E2A023DF900B0351E /* FeedFeatureTests */,
				308410482A023DF900B0351E /* FeedFeatureUITests */,
				3084102C2A023DEF00B0351E /* Products */,
			);
			sourceTree = "<group>";
		};
		3084102C2A023DEF00B0351E /* Products */ = {
			isa = PBXGroup;
			children = (
				3084102B2A023DEF00B0351E /* FeedFeature.app */,
				3084103B2A023DF900B0351E /* FeedFeatureTests.xctest */,
				308410452A023DF900B0351E /* FeedFeatureUITests.xctest */,
			);
			name = Products;
			sourceTree = "<group>";
		};
		3084102D2A023DEF00B0351E /* FeedFeature */ = {
			isa = PBXGroup;
			children = (
				3084102E2A023DEF00B0351E /* FeedFeatureApp.swift */,
				308410302A023DEF00B0351E /* ContentView.swift */,
				308410322A023DF800B0351E /* Assets.xcassets */,
				308410342A023DF800B0351E /* Preview Content */,
			);
			path = FeedFeature;
			sourceTree = "<group>";
		};
		308410342A023DF800B0351E /* Preview Content */ = {
			isa = PBXGroup;
			children = (
				308410352A023DF800B0351E /* Preview Assets.xcassets */,
			);
			path = "Preview Content";
			sourceTree = "<group>";
		};
		3084103E2A023DF900B0351E /* FeedFeatureTests */ = {
			isa = PBXGroup;
			children = (
				3084103F2A023DF900B0351E /* FeedFeatureTests.swift */,
			);
			path = FeedFeatureTests;
			sourceTree = "<group>";
		};
		308410482A023DF900B0351E /* FeedFeatureUITests */ = {
			isa = PBXGroup;
			children = (
				308410492A023DF900B0351E /* FeedFeatureUITests.swift */,
				3084104B2A023DF900B0351E /* FeedFeatureUITestsLaunchTests.swift */,
			);
			path = FeedFeatureUITests;
			sourceTree = "<group>";
		};
/* End PBXGroup section */

/* Begin PBXNativeTarget section */
		3084102A2A023DEF00B0351E /* FeedFeature */ = {
			isa = PBXNativeTarget;
			buildConfigurationList = 3084104F2A023DF900B0351E /* Build configuration list for PBXNativeTarget "FeedFeature" */;
			buildPhases = (
				308410272A023DEF00B0351E /* Sources */,
				308410282A023DEF00B0351E /* Frameworks */,
				308410292A023DEF00B0351E /* Resources */,
			);
			buildRules = (
			);
			dependencies = (
			);
			name = FeedFeature;
			productName = FeedFeature;
			productReference = 3084102B2A023DEF00B0351E /* FeedFeature.app */;
			productType = "com.apple.product-type.application";
		};
		3084103A2A023DF900B0351E /* FeedFeatureTests */ = {
			isa = PBXNativeTarget;
			buildConfigurationList = 308410522A023DF900B0351E /* Build configuration list for PBXNativeTarget "FeedFeatureTests" */;
			buildPhases = (
				308410372A023DF900B0351E /* Sources */,
				308410382A023DF900B0351E /* Frameworks */,
				308410392A023DF900B0351E /* Resources */,
			);
			buildRules = (
			);
			dependencies = (
				3084103D2A023DF900B0351E /* PBXTargetDependency */,
			);
			name = FeedFeatureTests;
			productName = FeedFeatureTests;
			productReference = 3084103B2A023DF900B0351E /* FeedFeatureTests.xctest */;
			productType = "com.apple.product-type.bundle.unit-test";
		};
		308410442A023DF900B0351E /* FeedFeatureUITests */ = {
			isa = PBXNativeTarget;
			buildConfigurationList = 308410552A023DF900B0351E /* Build configuration list for PBXNativeTarget "FeedFeatureUITests" */;
			buildPhases = (
				308410412A023DF900B0351E /* Sources */,
				308410422A023DF900B0351E /* Frameworks */,
				308410432A023DF900B0351E /* Resources */,
			);
			buildRules = (
			);
			dependencies = (
				308410472A023DF900B0351E /* PBXTargetDependency */,
			);
			name = FeedFeatureUITests;
			productName = FeedFeatureUITests;
			productReference = 308410452A023DF900B0351E /* FeedFeatureUITests.xctest */;
			productType = "com.apple.product-type.bundle.ui-testing";
		};
/* End PBXNativeTarget section */

/* Begin PBXProject section */
		308410232A023DEE00B0351E /* Project object */ = {
			isa = PBXProject;
			attributes = {
				BuildIndependentTargetsInParallel = 1;
				LastSwiftUpdateCheck = 1420;
				LastUpgradeCheck = 1420;
				TargetAttributes = {
					3084102A2A023DEF00B0351E = {
						CreatedOnToolsVersion = 14.2;
					};
					3084103A2A023DF900B0351E = {
						CreatedOnToolsVersion = 14.2;
						TestTargetID = 3084102A2A023DEF00B0351E;
					};
					308410442A023DF900B0351E = {
						CreatedOnToolsVersion = 14.2;
						TestTargetID = 3084102A2A023DEF00B0351E;
					};
				};
			};
			buildConfigurationList = 308410262A023DEE00B0351E /* Build configuration list for PBXProject "FeedFeature" */;
			compatibilityVersion = "Xcode 14.0";
			developmentRegion = en;
			hasScannedForEncodings = 0;
			knownRegions = (
				en,
				Base,
			);
			mainGroup = 308410222A023DEE00B0351E;
			productRefGroup = 3084102C2A023DEF00B0351E /* Products */;
			projectDirPath = "";
			projectRoot = "";
			targets = (
				3084102A2A023DEF00B0351E /* FeedFeature */,
				3084103A2A023DF900B0351E /* FeedFeatureTests */,
				308410442A023DF900B0351E /* FeedFeatureUITests */,
			);
		};
/* End PBXProject section */

/* Begin PBXResourcesBuildPhase section */
		308410292A023DEF00B0351E /* Resources */ = {
			isa = PBXResourcesBuildPhase;
			buildActionMask = 2147483647;
			files = (
				308410362A023DF800B0351E /* Preview Assets.xcassets in Resources */,
				308410332A023DF800B0351E /* Assets.xcassets in Resources */,
			);
			runOnlyForDeploymentPostprocessing = 0;
		};
		308410392A023DF900B0351E /* Resources */ = {
			isa = PBXResourcesBuildPhase;
			buildActionMask = 2147483647;
			files = (
			);
			runOnlyForDeploymentPostprocessing = 0;
		};
		308410432A023DF900B0351E /* Resources */ = {
			isa = PBXResourcesBuildPhase;
			buildActionMask = 2147483647;
			files = (
			);
			runOnlyForDeploymentPostprocessing = 0;
		};
/* End PBXResourcesBuildPhase section */

/* Begin PBXSourcesBuildPhase section */
		308410272A023DEF00B0351E /* Sources */ = {
			isa = PBXSourcesBuildPhase;
			buildActionMask = 2147483647;
			files = (
				308410312A023DEF00B0351E /* ContentView.swift in Sources */,
				3084102F2A023DEF00B0351E /* FeedFeatureApp.swift in Sources */,
			);
			runOnlyForDeploymentPostprocessing = 0;
		};
		308410372A023DF900B0351E /* Sources */ = {
			isa = PBXSourcesBuildPhase;
			buildActionMask = 2147483647;
			files = (
				308410402A023DF900B0351E /* FeedFeatureTests.swift in Sources */,
			);
			runOnlyForDeploymentPostprocessing = 0;
		};
		308410412A023DF900B0351E /* Sources */ = {
			isa = PBXSourcesBuildPhase;
			buildActionMask = 2147483647;
			files = (
				3084104A2A023DF900B0351E /* FeedFeatureUITests.swift in Sources */,
				3084104C2A023DF900B0351E /* FeedFeatureUITestsLaunchTests.swift in Sources */,
			);
			runOnlyForDeploymentPostprocessing = 0;
		};
/* End PBXSourcesBuildPhase section */

/* Begin PBXTargetDependency section */
		3084103D2A023DF900B0351E /* PBXTargetDependency */ = {
			isa = PBXTargetDependency;
			target = 3084102A2A023DEF00B0351E /* FeedFeature */;
			targetProxy = 3084103C2A023DF900B0351E /* PBXContainerItemProxy */;
		};
		308410472A023DF900B0351E /* PBXTargetDependency */ = {
			isa = PBXTargetDependency;
			target = 3084102A2A023DEF00B0351E /* FeedFeature */;
			targetProxy = 308410462A023DF900B0351E /* PBXContainerItemProxy */;
		};
/* End PBXTargetDependency section */

/* Begin XCBuildConfiguration section */
		3084104D2A023DF900B0351E /* Debug */ = {
			isa = XCBuildConfiguration;
			buildSettings = {
				ALWAYS_SEARCH_USER_PATHS = NO;
				CLANG_ANALYZER_NONNULL = YES;
				CLANG_ANALYZER_NUMBER_OBJECT_CONVERSION = YES_AGGRESSIVE;
				CLANG_CXX_LANGUAGE_STANDARD = "gnu++20";
				CLANG_ENABLE_MODULES = YES;
				CLANG_ENABLE_OBJC_ARC = YES;
				CLANG_ENABLE_OBJC_WEAK = YES;
				CLANG_WARN_BLOCK_CAPTURE_AUTORELEASING = YES;
				CLANG_WARN_BOOL_CONVERSION = YES;
				CLANG_WARN_COMMA = YES;
				CLANG_WARN_CONSTANT_CONVERSION = YES;
				CLANG_WARN_DEPRECATED_OBJC_IMPLEMENTATIONS = YES;
				CLANG_WARN_DIRECT_OBJC_ISA_USAGE = YES_ERROR;
				CLANG_WARN_DOCUMENTATION_COMMENTS = YES;
				CLANG_WARN_EMPTY_BODY = YES;
				CLANG_WARN_ENUM_CONVERSION = YES;
				CLANG_WARN_INFINITE_RECURSION = YES;
				CLANG_WARN_INT_CONVERSION = YES;
				CLANG_WARN_NON_LITERAL_NULL_CONVERSION = YES;
				CLANG_WARN_OBJC_IMPLICIT_RETAIN_SELF = YES;
				CLANG_WARN_OBJC_LITERAL_CONVERSION = YES;
				CLANG_WARN_OBJC_ROOT_CLASS = YES_ERROR;
				CLANG_WARN_QUOTED_INCLUDE_IN_FRAMEWORK_HEADER = YES;
				CLANG_WARN_RANGE_LOOP_ANALYSIS = YES;
				CLANG_WARN_STRICT_PROTOTYPES = YES;
				CLANG_WARN_SUSPICIOUS_MOVE = YES;
				CLANG_WARN_UNGUARDED_AVAILABILITY = YES_AGGRESSIVE;
				CLANG_WARN_UNREACHABLE_CODE = YES;
				CLANG_WARN__DUPLICATE_METHOD_MATCH = YES;
				COPY_PHASE_STRIP = NO;
				DEBUG_INFORMATION_FORMAT = dwarf;
				ENABLE_STRICT_OBJC_MSGSEND = YES;
				ENABLE_TESTABILITY = YES;
				GCC_C_LANGUAGE_STANDARD = gnu11;
				GCC_DYNAMIC_NO_PIC = NO;
				GCC_NO_COMMON_BLOCKS = YES;
				GCC_OPTIMIZATION_LEVEL = 0;
				GCC_PREPROCESSOR_DEFINITIONS = (
					"DEBUG=1",
					"$(inherited)",
				);
				GCC_WARN_64_TO_32_BIT_CONVERSION = YES;
				GCC_WARN_ABOUT_RETURN_TYPE = YES_ERROR;
				GCC_WARN_UNDECLARED_SELECTOR = YES;
				GCC_WARN_UNINITIALIZED_AUTOS = YES_AGGRESSIVE;
				GCC_WARN_UNUSED_FUNCTION = YES;
				GCC_WARN_UNUSED_VARIABLE = YES;
				IPHONEOS_DEPLOYMENT_TARGET = 16.2;
				MTL_ENABLE_DEBUG_INFO = INCLUDE_SOURCE;
				MTL_FAST_MATH = YES;
				ONLY_ACTIVE_ARCH = YES;
				SDKROOT = iphoneos;
				SWIFT_ACTIVE_COMPILATION_CONDITIONS = DEBUG;
				SWIFT_OPTIMIZATION_LEVEL = "-Onone";
			};
			name = Debug;
		};
		3084104E2A023DF900B0351E /* Release */ = {
			isa = XCBuildConfiguration;
			buildSettings = {
				ALWAYS_SEARCH_USER_PATHS = NO;
				CLANG_ANALYZER_NONNULL = YES;
				CLANG_ANALYZER_NUMBER_OBJECT_CONVERSION = YES_AGGRESSIVE;
				CLANG_CXX_LANGUAGE_STANDARD = "gnu++20";
				CLANG_ENABLE_MODULES = YES;
				CLANG_ENABLE_OBJC_ARC = YES;
				CLANG_ENABLE_OBJC_WEAK = YES;
				CLANG_WARN_BLOCK_CAPTURE_AUTORELEASING = YES;
				CLANG_WARN_BOOL_CONVERSION = YES;
				CLANG_WARN_COMMA = YES;
				CLANG_WARN_CONSTANT_CONVERSION = YES;
				CLANG_WARN_DEPRECATED_OBJC_IMPLEMENTATIONS = YES;
				CLANG_WARN_DIRECT_OBJC_ISA_USAGE = YES_ERROR;
				CLANG_WARN_DOCUMENTATION_COMMENTS = YES;
				CLANG_WARN_EMPTY_BODY = YES;
				CLANG_WARN_ENUM_CONVERSION = YES;
				CLANG_WARN_INFINITE_RECURSION = YES;
				CLANG_WARN_INT_CONVERSION = YES;
				CLANG_WARN_NON_LITERAL_NULL_CONVERSION = YES;
				CLANG_WARN_OBJC_IMPLICIT_RETAIN_SELF = YES;
				CLANG_WARN_OBJC_LITERAL_CONVERSION = YES;
				CLANG_WARN_OBJC_ROOT_CLASS = YES_ERROR;
				CLANG_WARN_QUOTED_INCLUDE_IN_FRAMEWORK_HEADER = YES;
				CLANG_WARN_RANGE_LOOP_ANALYSIS = YES;
				CLANG_WARN_STRICT_PROTOTYPES = YES;
				CLANG_WARN_SUSPICIOUS_MOVE = YES;
				CLANG_WARN_UNGUARDED_AVAILABILITY = YES_AGGRESSIVE;
				CLANG_WARN_UNREACHABLE_CODE = YES;
				CLANG_WARN__DUPLICATE_METHOD_MATCH = YES;
				COPY_PHASE_STRIP = NO;
				DEBUG_INFORMATION_FORMAT = "dwarf-with-dsym";
				ENABLE_NS_ASSERTIONS = NO;
				ENABLE_STRICT_OBJC_MSGSEND = YES;
				GCC_C_LANGUAGE_STANDARD = gnu11;
				GCC_NO_COMMON_BLOCKS = YES;
				GCC_WARN_64_TO_32_BIT_CONVERSION = YES;
				GCC_WARN_ABOUT_RETURN_TYPE = YES_ERROR;
				GCC_WARN_UNDECLARED_SELECTOR = YES;
				GCC_WARN_UNINITIALIZED_AUTOS = YES_AGGRESSIVE;
				GCC_WARN_UNUSED_FUNCTION = YES;
				GCC_WARN_UNUSED_VARIABLE = YES;
				IPHONEOS_DEPLOYMENT_TARGET = 16.2;
				MTL_ENABLE_DEBUG_INFO = NO;
				MTL_FAST_MATH = YES;
				SDKROOT = iphoneos;
				SWIFT_COMPILATION_MODE = wholemodule;
				SWIFT_OPTIMIZATION_LEVEL = "-O";
				VALIDATE_PRODUCT = YES;
			};
			name = Release;
		};
		308410502A023DF900B0351E /* Debug */ = {
			isa = XCBuildConfiguration;
			buildSettings = {
				ASSETCATALOG_COMPILER_APPICON_NAME = AppIcon;
				ASSETCATALOG_COMPILER_GLOBAL_ACCENT_COLOR_NAME = AccentColor;
				CODE_SIGN_STYLE = Automatic;
				CURRENT_PROJECT_VERSION = 1;
				DEVELOPMENT_ASSET_PATHS = "\"FeedFeature/Preview Content\"";
				DEVELOPMENT_TEAM = 5K6BH2N7SF;
				ENABLE_PREVIEWS = YES;
				GENERATE_INFOPLIST_FILE = YES;
				INFOPLIST_KEY_UIApplicationSceneManifest_Generation = YES;
				INFOPLIST_KEY_UIApplicationSupportsIndirectInputEvents = YES;
				INFOPLIST_KEY_UILaunchScreen_Generation = YES;
				INFOPLIST_KEY_UISupportedInterfaceOrientations_iPad = "UIInterfaceOrientationPortrait UIInterfaceOrientationPortraitUpsideDown UIInterfaceOrientationLandscapeLeft UIInterfaceOrientationLandscapeRight";
				INFOPLIST_KEY_UISupportedInterfaceOrientations_iPhone = "UIInterfaceOrientationPortrait UIInterfaceOrientationLandscapeLeft UIInterfaceOrientationLandscapeRight";
				LD_RUNPATH_SEARCH_PATHS = (
					"$(inherited)",
					"@executable_path/Frameworks",
				);
				MARKETING_VERSION = 1.0;
				PRODUCT_BUNDLE_IDENTIFIER = com.galih.learning.FeedFeature;
				PRODUCT_NAME = "$(TARGET_NAME)";
				SWIFT_EMIT_LOC_STRINGS = YES;
				SWIFT_VERSION = 5.0;
				TARGETED_DEVICE_FAMILY = "1,2";
			};
			name = Debug;
		};
		308410512A023DF900B0351E /* Release */ = {
			isa = XCBuildConfiguration;
			buildSettings = {
				ASSETCATALOG_COMPILER_APPICON_NAME = AppIcon;
				ASSETCATALOG_COMPILER_GLOBAL_ACCENT_COLOR_NAME = AccentColor;
				CODE_SIGN_STYLE = Automatic;
				CURRENT_PROJECT_VERSION = 1;
				DEVELOPMENT_ASSET_PATHS = "\"FeedFeature/Preview Content\"";
				DEVELOPMENT_TEAM = 5K6BH2N7SF;
				ENABLE_PREVIEWS = YES;
				GENERATE_INFOPLIST_FILE = YES;
				INFOPLIST_KEY_UIApplicationSceneManifest_Generation = YES;
				INFOPLIST_KEY_UIApplicationSupportsIndirectInputEvents = YES;
				INFOPLIST_KEY_UILaunchScreen_Generation = YES;
				INFOPLIST_KEY_UISupportedInterfaceOrientations_iPad = "UIInterfaceOrientationPortrait UIInterfaceOrientationPortraitUpsideDown UIInterfaceOrientationLandscapeLeft UIInterfaceOrientationLandscapeRight";
				INFOPLIST_KEY_UISupportedInterfaceOrientations_iPhone = "UIInterfaceOrientationPortrait UIInterfaceOrientationLandscapeLeft UIInterfaceOrientationLandscapeRight";
				LD_RUNPATH_SEARCH_PATHS = (
					"$(inherited)",
					"@executable_path/Frameworks",
				);
				MARKETING_VERSION = 1.0;
				PRODUCT_BUNDLE_IDENTIFIER = com.galih.learning.FeedFeature;
				PRODUCT_NAME = "$(TARGET_NAME)";
				SWIFT_EMIT_LOC_STRINGS = YES;
				SWIFT_VERSION = 5.0;
				TARGETED_DEVICE_FAMILY = "1,2";
			};
			name = Release;
		};
		308410532A023DF900B0351E /* Debug */ = {
			isa = XCBuildConfiguration;
			buildSettings = {
				ALWAYS_EMBED_SWIFT_STANDARD_LIBRARIES = YES;
				BUNDLE_LOADER = "$(TEST_HOST)";
				CODE_SIGN_STYLE = Automatic;
				CURRENT_PROJECT_VERSION = 1;
				DEVELOPMENT_TEAM = 5K6BH2N7SF;
				GENERATE_INFOPLIST_FILE = YES;
				IPHONEOS_DEPLOYMENT_TARGET = 16.2;
				MARKETING_VERSION = 1.0;
				PRODUCT_BUNDLE_IDENTIFIER = com.galih.learning.FeedFeatureTests;
				PRODUCT_NAME = "$(TARGET_NAME)";
				SWIFT_EMIT_LOC_STRINGS = NO;
				SWIFT_VERSION = 5.0;
				TARGETED_DEVICE_FAMILY = "1,2";
				TEST_HOST = "$(BUILT_PRODUCTS_DIR)/FeedFeature.app/$(BUNDLE_EXECUTABLE_FOLDER_PATH)/FeedFeature";
			};
			name = Debug;
		};
		308410542A023DF900B0351E /* Release */ = {
			isa = XCBuildConfiguration;
			buildSettings = {
				ALWAYS_EMBED_SWIFT_STANDARD_LIBRARIES = YES;
				BUNDLE_LOADER = "$(TEST_HOST)";
				CODE_SIGN_STYLE = Automatic;
				CURRENT_PROJECT_VERSION = 1;
				DEVELOPMENT_TEAM = 5K6BH2N7SF;
				GENERATE_INFOPLIST_FILE = YES;
				IPHONEOS_DEPLOYMENT_TARGET = 16.2;
				MARKETING_VERSION = 1.0;
				PRODUCT_BUNDLE_IDENTIFIER = com.galih.learning.FeedFeatureTests;
				PRODUCT_NAME = "$(TARGET_NAME)";
				SWIFT_EMIT_LOC_STRINGS = NO;
				SWIFT_VERSION = 5.0;
				TARGETED_DEVICE_FAMILY = "1,2";
				TEST_HOST = "$(BUILT_PRODUCTS_DIR)/FeedFeature.app/$(BUNDLE_EXECUTABLE_FOLDER_PATH)/FeedFeature";
			};
			name = Release;
		};
		308410562A023DF900B0351E /* Debug */ = {
			isa = XCBuildConfiguration;
			buildSettings = {
				ALWAYS_EMBED_SWIFT_STANDARD_LIBRARIES = YES;
				CODE_SIGN_STYLE = Automatic;
				CURRENT_PROJECT_VERSION = 1;
				DEVELOPMENT_TEAM = 5K6BH2N7SF;
				GENERATE_INFOPLIST_FILE = YES;
				MARKETING_VERSION = 1.0;
				PRODUCT_BUNDLE_IDENTIFIER = com.galih.learning.FeedFeatureUITests;
				PRODUCT_NAME = "$(TARGET_NAME)";
				SWIFT_EMIT_LOC_STRINGS = NO;
				SWIFT_VERSION = 5.0;
				TARGETED_DEVICE_FAMILY = "1,2";
				TEST_TARGET_NAME = FeedFeature;
			};
			name = Debug;
		};
		308410572A023DF900B0351E /* Release */ = {
			isa = XCBuildConfiguration;
			buildSettings = {
				ALWAYS_EMBED_SWIFT_STANDARD_LIBRARIES = YES;
				CODE_SIGN_STYLE = Automatic;
				CURRENT_PROJECT_VERSION = 1;
				DEVELOPMENT_TEAM = 5K6BH2N7SF;
				GENERATE_INFOPLIST_FILE = YES;
				MARKETING_VERSION = 1.0;
				PRODUCT_BUNDLE_IDENTIFIER = com.galih.learning.FeedFeatureUITests;
				PRODUCT_NAME = "$(TARGET_NAME)";
				SWIFT_EMIT_LOC_STRINGS = NO;
				SWIFT_VERSION = 5.0;
				TARGETED_DEVICE_FAMILY = "1,2";
				TEST_TARGET_NAME = FeedFeature;
			};
			name = Release;
		};
/* End XCBuildConfiguration section */

/* Begin XCConfigurationList section */
		308410262A023DEE00B0351E /* Build configuration list for PBXProject "FeedFeature" */ = {
			isa = XCConfigurationList;
			buildConfigurations = (
				3084104D2A023DF900B0351E /* Debug */,
				3084104E2A023DF900B0351E /* Release */,
			);
			defaultConfigurationIsVisible = 0;
			defaultConfigurationName = Release;
		};
		3084104F2A023DF900B0351E /* Build configuration list for PBXNativeTarget "FeedFeature" */ = {
			isa = XCConfigurationList;
			buildConfigurations = (
				308410502A023DF900B0351E /* Debug */,
				308410512A023DF900B0351E /* Release */,
			);
			defaultConfigurationIsVisible = 0;
			defaultConfigurationName = Release;
		};
		308410522A023DF900B0351E /* Build configuration list for PBXNativeTarget "FeedFeatureTests" */ = {
			isa = XCConfigurationList;
			buildConfigurations = (
				308410532A023DF900B0351E /* Debug */,
				308410542A023DF900B0351E /* Release */,
			);
			defaultConfigurationIsVisible = 0;
			defaultConfigurationName = Release;
		};
		308410552A023DF900B0351E /* Build configuration list for PBXNativeTarget "FeedFeatureUITests" */ = {
			isa = XCConfigurationList;
			buildConfigurations = (
				308410562A023DF900B0351E /* Debug */,
				308410572A023DF900B0351E /* Release */,
			);
			defaultConfigurationIsVisible = 0;
			defaultConfigurationName = Release;
		};
/* End XCConfigurationList section */
	};
	rootObject = 308410232A023DEE00B0351E /* Project object */;
}
