// !$*UTF8*$!
{
	archiveVersion = 1;
	classes = {
	};
	objectVersion = 56;
	objects = {

/* Begin PBXBuildFile section */
		2A0592872A0F3D5D00981F5B /* CacheFeedUseCaseTests.swift in Sources */ = {isa = PBXBuildFile; fileRef = 2A0592862A0F3D5D00981F5B /* CacheFeedUseCaseTests.swift */; };
		2A214C9C2A11E4AB00D542C4 /* RemoteFeedItem.swift in Sources */ = {isa = PBXBuildFile; fileRef = 2A214C9B2A11E4AB00D542C4 /* RemoteFeedItem.swift */; };
		2A214C9E2A11E51700D542C4 /* LocalFeedImage.swift in Sources */ = {isa = PBXBuildFile; fileRef = 2A214C9D2A11E51700D542C4 /* LocalFeedImage.swift */; };
		2A214CA02A11E88100D542C4 /* FeedItemsMapper.swift in Sources */ = {isa = PBXBuildFile; fileRef = 2A214C9F2A11E88100D542C4 /* FeedItemsMapper.swift */; };
		2A217AE92A10BF2E00F73ADD /* LocalFeedLoader.swift in Sources */ = {isa = PBXBuildFile; fileRef = 2A217AE82A10BF2E00F73ADD /* LocalFeedLoader.swift */; };
		2A217AEB2A10C06900F73ADD /* FeedStore.swift in Sources */ = {isa = PBXBuildFile; fileRef = 2A217AEA2A10C06900F73ADD /* FeedStore.swift */; };
		308410902A034B0A00B0351E /* EssentialFeed.docc in Sources */ = {isa = PBXBuildFile; fileRef = 3084108F2A034B0A00B0351E /* EssentialFeed.docc */; };
		308410962A034B0B00B0351E /* EssentialFeed.framework in Frameworks */ = {isa = PBXBuildFile; fileRef = 3084108B2A034B0A00B0351E /* EssentialFeed.framework */; };
		3084109B2A034B0B00B0351E /* EssentialFeedTests.swift in Sources */ = {isa = PBXBuildFile; fileRef = 3084109A2A034B0B00B0351E /* EssentialFeedTests.swift */; };
		3084109C2A034B0B00B0351E /* EssentialFeed.h in Headers */ = {isa = PBXBuildFile; fileRef = 3084108E2A034B0A00B0351E /* EssentialFeed.h */; settings = {ATTRIBUTES = (Public, ); }; };
		308410A62A034B5600B0351E /* FeedImage.swift in Sources */ = {isa = PBXBuildFile; fileRef = 308410A52A034B5600B0351E /* FeedImage.swift */; };
		308410A82A034EC600B0351E /* FeedLoader.swift in Sources */ = {isa = PBXBuildFile; fileRef = 308410A72A034EC600B0351E /* FeedLoader.swift */; };
		308410AD2A0357D300B0351E /* LoadFeedFromRemoteUseCaseTests.swift in Sources */ = {isa = PBXBuildFile; fileRef = 308410AC2A0357D300B0351E /* LoadFeedFromRemoteUseCaseTests.swift */; };
		308410B02A03689100B0351E /* RemoteFeedLoader.swift in Sources */ = {isa = PBXBuildFile; fileRef = 308410AF2A03689100B0351E /* RemoteFeedLoader.swift */; };
		3091709E2A08D0D900E0623A /* HTTPClient.swift in Sources */ = {isa = PBXBuildFile; fileRef = 3091709D2A08D0D900E0623A /* HTTPClient.swift */; };
		309170A32A09F5D600E0623A /* URLSessionHTTPClientTests.swift in Sources */ = {isa = PBXBuildFile; fileRef = 309170A22A09F5D600E0623A /* URLSessionHTTPClientTests.swift */; };
		309170A62A0A335700E0623A /* XCTestCase+MemoryLeakTracking.swift in Sources */ = {isa = PBXBuildFile; fileRef = 309170A52A0A335700E0623A /* XCTestCase+MemoryLeakTracking.swift */; };
		309170A82A0A4B9D00E0623A /* URLSessionHTTPClient.swift in Sources */ = {isa = PBXBuildFile; fileRef = 309170A72A0A4B9D00E0623A /* URLSessionHTTPClient.swift */; };
		309170B02A0B417B00E0623A /* EssentialFeedAPIEndToEndTests.swift in Sources */ = {isa = PBXBuildFile; fileRef = 309170AF2A0B417B00E0623A /* EssentialFeedAPIEndToEndTests.swift */; };
		309170B12A0B417B00E0623A /* EssentialFeed.framework in Frameworks */ = {isa = PBXBuildFile; fileRef = 3084108B2A034B0A00B0351E /* EssentialFeed.framework */; };
		309170B72A0B4F9400E0623A /* XCTestCase+MemoryLeakTracking.swift in Sources */ = {isa = PBXBuildFile; fileRef = 309170A52A0A335700E0623A /* XCTestCase+MemoryLeakTracking.swift */; };
/* End PBXBuildFile section */

/* Begin PBXContainerItemProxy section */
		308410972A034B0B00B0351E /* PBXContainerItemProxy */ = {
			isa = PBXContainerItemProxy;
			containerPortal = 308410822A034B0A00B0351E /* Project object */;
			proxyType = 1;
			remoteGlobalIDString = 3084108A2A034B0A00B0351E;
			remoteInfo = EssentialFeed;
		};
		309170B22A0B417B00E0623A /* PBXContainerItemProxy */ = {
			isa = PBXContainerItemProxy;
			containerPortal = 308410822A034B0A00B0351E /* Project object */;
			proxyType = 1;
			remoteGlobalIDString = 3084108A2A034B0A00B0351E;
			remoteInfo = EssentialFeed;
		};
/* End PBXContainerItemProxy section */

/* Begin PBXFileReference section */
		2A0592862A0F3D5D00981F5B /* CacheFeedUseCaseTests.swift */ = {isa = PBXFileReference; lastKnownFileType = sourcecode.swift; path = CacheFeedUseCaseTests.swift; sourceTree = "<group>"; };
		2A214C9B2A11E4AB00D542C4 /* RemoteFeedItem.swift */ = {isa = PBXFileReference; lastKnownFileType = sourcecode.swift; path = RemoteFeedItem.swift; sourceTree = "<group>"; };
		2A214C9D2A11E51700D542C4 /* LocalFeedImage.swift */ = {isa = PBXFileReference; lastKnownFileType = sourcecode.swift; path = LocalFeedImage.swift; sourceTree = "<group>"; };
		2A214C9F2A11E88100D542C4 /* FeedItemsMapper.swift */ = {isa = PBXFileReference; fileEncoding = 4; lastKnownFileType = sourcecode.swift; path = FeedItemsMapper.swift; sourceTree = "<group>"; };
		2A217AE82A10BF2E00F73ADD /* LocalFeedLoader.swift */ = {isa = PBXFileReference; lastKnownFileType = sourcecode.swift; path = LocalFeedLoader.swift; sourceTree = "<group>"; };
		2A217AEA2A10C06900F73ADD /* FeedStore.swift */ = {isa = PBXFileReference; lastKnownFileType = sourcecode.swift; path = FeedStore.swift; sourceTree = "<group>"; };
		3084108B2A034B0A00B0351E /* EssentialFeed.framework */ = {isa = PBXFileReference; explicitFileType = wrapper.framework; includeInIndex = 0; path = EssentialFeed.framework; sourceTree = BUILT_PRODUCTS_DIR; };
		3084108E2A034B0A00B0351E /* EssentialFeed.h */ = {isa = PBXFileReference; lastKnownFileType = sourcecode.c.h; path = EssentialFeed.h; sourceTree = "<group>"; };
		3084108F2A034B0A00B0351E /* EssentialFeed.docc */ = {isa = PBXFileReference; lastKnownFileType = folder.documentationcatalog; path = EssentialFeed.docc; sourceTree = "<group>"; };
		308410952A034B0B00B0351E /* EssentialFeedTests.xctest */ = {isa = PBXFileReference; explicitFileType = wrapper.cfbundle; includeInIndex = 0; path = EssentialFeedTests.xctest; sourceTree = BUILT_PRODUCTS_DIR; };
		3084109A2A034B0B00B0351E /* EssentialFeedTests.swift */ = {isa = PBXFileReference; lastKnownFileType = sourcecode.swift; path = EssentialFeedTests.swift; sourceTree = "<group>"; };
		308410A52A034B5600B0351E /* FeedImage.swift */ = {isa = PBXFileReference; lastKnownFileType = sourcecode.swift; path = FeedImage.swift; sourceTree = "<group>"; };
		308410A72A034EC600B0351E /* FeedLoader.swift */ = {isa = PBXFileReference; lastKnownFileType = sourcecode.swift; path = FeedLoader.swift; sourceTree = "<group>"; };
		308410AC2A0357D300B0351E /* LoadFeedFromRemoteUseCaseTests.swift */ = {isa = PBXFileReference; lastKnownFileType = sourcecode.swift; path = LoadFeedFromRemoteUseCaseTests.swift; sourceTree = "<group>"; };
		308410AF2A03689100B0351E /* RemoteFeedLoader.swift */ = {isa = PBXFileReference; lastKnownFileType = sourcecode.swift; path = RemoteFeedLoader.swift; sourceTree = "<group>"; };
		3091709D2A08D0D900E0623A /* HTTPClient.swift */ = {isa = PBXFileReference; lastKnownFileType = sourcecode.swift; path = HTTPClient.swift; sourceTree = "<group>"; };
		309170A22A09F5D600E0623A /* URLSessionHTTPClientTests.swift */ = {isa = PBXFileReference; lastKnownFileType = sourcecode.swift; path = URLSessionHTTPClientTests.swift; sourceTree = "<group>"; };
		309170A52A0A335700E0623A /* XCTestCase+MemoryLeakTracking.swift */ = {isa = PBXFileReference; lastKnownFileType = sourcecode.swift; path = "XCTestCase+MemoryLeakTracking.swift"; sourceTree = "<group>"; };
		309170A72A0A4B9D00E0623A /* URLSessionHTTPClient.swift */ = {isa = PBXFileReference; lastKnownFileType = sourcecode.swift; path = URLSessionHTTPClient.swift; sourceTree = "<group>"; };
		309170AD2A0B417B00E0623A /* EssentialFeedAPIEndToEndTests.xctest */ = {isa = PBXFileReference; explicitFileType = wrapper.cfbundle; includeInIndex = 0; path = EssentialFeedAPIEndToEndTests.xctest; sourceTree = BUILT_PRODUCTS_DIR; };
		309170AF2A0B417B00E0623A /* EssentialFeedAPIEndToEndTests.swift */ = {isa = PBXFileReference; lastKnownFileType = sourcecode.swift; path = EssentialFeedAPIEndToEndTests.swift; sourceTree = "<group>"; };
/* End PBXFileReference section */

/* Begin PBXFrameworksBuildPhase section */
		308410882A034B0A00B0351E /* Frameworks */ = {
			isa = PBXFrameworksBuildPhase;
			buildActionMask = 2147483647;
			files = (
			);
			runOnlyForDeploymentPostprocessing = 0;
		};
		308410922A034B0B00B0351E /* Frameworks */ = {
			isa = PBXFrameworksBuildPhase;
			buildActionMask = 2147483647;
			files = (
				308410962A034B0B00B0351E /* EssentialFeed.framework in Frameworks */,
			);
			runOnlyForDeploymentPostprocessing = 0;
		};
		309170AA2A0B417B00E0623A /* Frameworks */ = {
			isa = PBXFrameworksBuildPhase;
			buildActionMask = 2147483647;
			files = (
				309170B12A0B417B00E0623A /* EssentialFeed.framework in Frameworks */,
			);
			runOnlyForDeploymentPostprocessing = 0;
		};
/* End PBXFrameworksBuildPhase section */

/* Begin PBXGroup section */
		2A0592852A0F3CFA00981F5B /* Feed Cache */ = {
			isa = PBXGroup;
			children = (
				2A0592862A0F3D5D00981F5B /* CacheFeedUseCaseTests.swift */,
			);
			path = "Feed Cache";
			sourceTree = "<group>";
		};
		2A217AE72A10BEF800F73ADD /* Feed Cache */ = {
			isa = PBXGroup;
			children = (
				2A217AE82A10BF2E00F73ADD /* LocalFeedLoader.swift */,
				2A217AEA2A10C06900F73ADD /* FeedStore.swift */,
				2A214C9D2A11E51700D542C4 /* LocalFeedImage.swift */,
			);
			path = "Feed Cache";
			sourceTree = "<group>";
		};
		308410812A034B0A00B0351E = {
			isa = PBXGroup;
			children = (
				3084108D2A034B0A00B0351E /* EssentialFeed */,
				308410992A034B0B00B0351E /* EssentialFeedTests */,
				309170AE2A0B417B00E0623A /* EssentialFeedAPIEndToEndTests */,
				3084108C2A034B0A00B0351E /* Products */,
			);
			sourceTree = "<group>";
		};
		3084108C2A034B0A00B0351E /* Products */ = {
			isa = PBXGroup;
			children = (
				3084108B2A034B0A00B0351E /* EssentialFeed.framework */,
				308410952A034B0B00B0351E /* EssentialFeedTests.xctest */,
				309170AD2A0B417B00E0623A /* EssentialFeedAPIEndToEndTests.xctest */,
			);
			name = Products;
			sourceTree = "<group>";
		};
		3084108D2A034B0A00B0351E /* EssentialFeed */ = {
			isa = PBXGroup;
			children = (
				3084108E2A034B0A00B0351E /* EssentialFeed.h */,
				3084108F2A034B0A00B0351E /* EssentialFeed.docc */,
				308410A92A034F7300B0351E /* Feed Feature */,
				2A217AE72A10BEF800F73ADD /* Feed Cache */,
				308410AE2A03686400B0351E /* Feed API */,
			);
			path = EssentialFeed;
			sourceTree = "<group>";
		};
		308410992A034B0B00B0351E /* EssentialFeedTests */ = {
			isa = PBXGroup;
			children = (
				309170A42A0A330F00E0623A /* Helper */,
				2A0592852A0F3CFA00981F5B /* Feed Cache */,
				309170A12A08E01700E0623A /* Feed API */,
				3084109A2A034B0B00B0351E /* EssentialFeedTests.swift */,
			);
			path = EssentialFeedTests;
			sourceTree = "<group>";
		};
		308410A92A034F7300B0351E /* Feed Feature */ = {
			isa = PBXGroup;
			children = (
				308410A52A034B5600B0351E /* FeedImage.swift */,
				308410A72A034EC600B0351E /* FeedLoader.swift */,
			);
			path = "Feed Feature";
			sourceTree = "<group>";
		};
		308410AE2A03686400B0351E /* Feed API */ = {
			isa = PBXGroup;
			children = (
				2A214C9F2A11E88100D542C4 /* FeedItemsMapper.swift */,
				308410AF2A03689100B0351E /* RemoteFeedLoader.swift */,
				3091709D2A08D0D900E0623A /* HTTPClient.swift */,
				309170A72A0A4B9D00E0623A /* URLSessionHTTPClient.swift */,
				2A214C9B2A11E4AB00D542C4 /* RemoteFeedItem.swift */,
			);
			path = "Feed API";
			sourceTree = "<group>";
		};
		309170A12A08E01700E0623A /* Feed API */ = {
			isa = PBXGroup;
			children = (
				308410AC2A0357D300B0351E /* LoadFeedFromRemoteUseCaseTests.swift */,
				309170A22A09F5D600E0623A /* URLSessionHTTPClientTests.swift */,
			);
			path = "Feed API";
			sourceTree = "<group>";
		};
		309170A42A0A330F00E0623A /* Helper */ = {
			isa = PBXGroup;
			children = (
				309170A52A0A335700E0623A /* XCTestCase+MemoryLeakTracking.swift */,
			);
			path = Helper;
			sourceTree = "<group>";
		};
		309170AE2A0B417B00E0623A /* EssentialFeedAPIEndToEndTests */ = {
			isa = PBXGroup;
			children = (
				309170AF2A0B417B00E0623A /* EssentialFeedAPIEndToEndTests.swift */,
			);
			path = EssentialFeedAPIEndToEndTests;
			sourceTree = "<group>";
		};
/* End PBXGroup section */

/* Begin PBXHeadersBuildPhase section */
		308410862A034B0A00B0351E /* Headers */ = {
			isa = PBXHeadersBuildPhase;
			buildActionMask = 2147483647;
			files = (
				3084109C2A034B0B00B0351E /* EssentialFeed.h in Headers */,
			);
			runOnlyForDeploymentPostprocessing = 0;
		};
/* End PBXHeadersBuildPhase section */

/* Begin PBXNativeTarget section */
		3084108A2A034B0A00B0351E /* EssentialFeed */ = {
			isa = PBXNativeTarget;
			buildConfigurationList = 3084109F2A034B0B00B0351E /* Build configuration list for PBXNativeTarget "EssentialFeed" */;
			buildPhases = (
				308410862A034B0A00B0351E /* Headers */,
				308410872A034B0A00B0351E /* Sources */,
				308410882A034B0A00B0351E /* Frameworks */,
				308410892A034B0A00B0351E /* Resources */,
			);
			buildRules = (
			);
			dependencies = (
			);
			name = EssentialFeed;
			productName = EssentialFeed;
			productReference = 3084108B2A034B0A00B0351E /* EssentialFeed.framework */;
			productType = "com.apple.product-type.framework";
		};
		308410942A034B0B00B0351E /* EssentialFeedTests */ = {
			isa = PBXNativeTarget;
			buildConfigurationList = 308410A22A034B0B00B0351E /* Build configuration list for PBXNativeTarget "EssentialFeedTests" */;
			buildPhases = (
				308410912A034B0B00B0351E /* Sources */,
				308410922A034B0B00B0351E /* Frameworks */,
				308410932A034B0B00B0351E /* Resources */,
			);
			buildRules = (
			);
			dependencies = (
				308410982A034B0B00B0351E /* PBXTargetDependency */,
			);
			name = EssentialFeedTests;
			productName = EssentialFeedTests;
			productReference = 308410952A034B0B00B0351E /* EssentialFeedTests.xctest */;
			productType = "com.apple.product-type.bundle.unit-test";
		};
		309170AC2A0B417B00E0623A /* EssentialFeedAPIEndToEndTests */ = {
			isa = PBXNativeTarget;
			buildConfigurationList = 309170B62A0B417B00E0623A /* Build configuration list for PBXNativeTarget "EssentialFeedAPIEndToEndTests" */;
			buildPhases = (
				309170A92A0B417B00E0623A /* Sources */,
				309170AA2A0B417B00E0623A /* Frameworks */,
				309170AB2A0B417B00E0623A /* Resources */,
			);
			buildRules = (
			);
			dependencies = (
				309170B32A0B417B00E0623A /* PBXTargetDependency */,
			);
			name = EssentialFeedAPIEndToEndTests;
			productName = EssentialFeedAPIEndToEndTests;
			productReference = 309170AD2A0B417B00E0623A /* EssentialFeedAPIEndToEndTests.xctest */;
			productType = "com.apple.product-type.bundle.unit-test";
		};
/* End PBXNativeTarget section */

/* Begin PBXProject section */
		308410822A034B0A00B0351E /* Project object */ = {
			isa = PBXProject;
			attributes = {
				BuildIndependentTargetsInParallel = 1;
				LastSwiftUpdateCheck = 1420;
				LastUpgradeCheck = 1420;
				TargetAttributes = {
					3084108A2A034B0A00B0351E = {
						CreatedOnToolsVersion = 14.2;
					};
					308410942A034B0B00B0351E = {
						CreatedOnToolsVersion = 14.2;
					};
					309170AC2A0B417B00E0623A = {
						CreatedOnToolsVersion = 14.2;
					};
				};
			};
			buildConfigurationList = 308410852A034B0A00B0351E /* Build configuration list for PBXProject "EssentialFeed" */;
			compatibilityVersion = "Xcode 14.0";
			developmentRegion = en;
			hasScannedForEncodings = 0;
			knownRegions = (
				en,
				Base,
			);
			mainGroup = 308410812A034B0A00B0351E;
			productRefGroup = 3084108C2A034B0A00B0351E /* Products */;
			projectDirPath = "";
			projectRoot = "";
			targets = (
				3084108A2A034B0A00B0351E /* EssentialFeed */,
				308410942A034B0B00B0351E /* EssentialFeedTests */,
				309170AC2A0B417B00E0623A /* EssentialFeedAPIEndToEndTests */,
			);
		};
/* End PBXProject section */

/* Begin PBXResourcesBuildPhase section */
		308410892A034B0A00B0351E /* Resources */ = {
			isa = PBXResourcesBuildPhase;
			buildActionMask = 2147483647;
			files = (
			);
			runOnlyForDeploymentPostprocessing = 0;
		};
		308410932A034B0B00B0351E /* Resources */ = {
			isa = PBXResourcesBuildPhase;
			buildActionMask = 2147483647;
			files = (
			);
			runOnlyForDeploymentPostprocessing = 0;
		};
		309170AB2A0B417B00E0623A /* Resources */ = {
			isa = PBXResourcesBuildPhase;
			buildActionMask = 2147483647;
			files = (
			);
			runOnlyForDeploymentPostprocessing = 0;
		};
/* End PBXResourcesBuildPhase section */

/* Begin PBXSourcesBuildPhase section */
		308410872A034B0A00B0351E /* Sources */ = {
			isa = PBXSourcesBuildPhase;
			buildActionMask = 2147483647;
			files = (
				2A214C9E2A11E51700D542C4 /* LocalFeedImage.swift in Sources */,
				2A217AEB2A10C06900F73ADD /* FeedStore.swift in Sources */,
				309170A82A0A4B9D00E0623A /* URLSessionHTTPClient.swift in Sources */,
				2A214CA02A11E88100D542C4 /* FeedItemsMapper.swift in Sources */,
				308410B02A03689100B0351E /* RemoteFeedLoader.swift in Sources */,
				3091709E2A08D0D900E0623A /* HTTPClient.swift in Sources */,
				308410A82A034EC600B0351E /* FeedLoader.swift in Sources */,
				2A214C9C2A11E4AB00D542C4 /* RemoteFeedItem.swift in Sources */,
				308410A62A034B5600B0351E /* FeedImage.swift in Sources */,
				2A217AE92A10BF2E00F73ADD /* LocalFeedLoader.swift in Sources */,
				308410902A034B0A00B0351E /* EssentialFeed.docc in Sources */,
			);
			runOnlyForDeploymentPostprocessing = 0;
		};
		308410912A034B0B00B0351E /* Sources */ = {
			isa = PBXSourcesBuildPhase;
			buildActionMask = 2147483647;
			files = (
				308410AD2A0357D300B0351E /* LoadFeedFromRemoteUseCaseTests.swift in Sources */,
				309170A62A0A335700E0623A /* XCTestCase+MemoryLeakTracking.swift in Sources */,
				309170A32A09F5D600E0623A /* URLSessionHTTPClientTests.swift in Sources */,
				2A0592872A0F3D5D00981F5B /* CacheFeedUseCaseTests.swift in Sources */,
				3084109B2A034B0B00B0351E /* EssentialFeedTests.swift in Sources */,
			);
			runOnlyForDeploymentPostprocessing = 0;
		};
		309170A92A0B417B00E0623A /* Sources */ = {
			isa = PBXSourcesBuildPhase;
			buildActionMask = 2147483647;
			files = (
				309170B02A0B417B00E0623A /* EssentialFeedAPIEndToEndTests.swift in Sources */,
				309170B72A0B4F9400E0623A /* XCTestCase+MemoryLeakTracking.swift in Sources */,
			);
			runOnlyForDeploymentPostprocessing = 0;
		};
/* End PBXSourcesBuildPhase section */

/* Begin PBXTargetDependency section */
		308410982A034B0B00B0351E /* PBXTargetDependency */ = {
			isa = PBXTargetDependency;
			target = 3084108A2A034B0A00B0351E /* EssentialFeed */;
			targetProxy = 308410972A034B0B00B0351E /* PBXContainerItemProxy */;
		};
		309170B32A0B417B00E0623A /* PBXTargetDependency */ = {
			isa = PBXTargetDependency;
			target = 3084108A2A034B0A00B0351E /* EssentialFeed */;
			targetProxy = 309170B22A0B417B00E0623A /* PBXContainerItemProxy */;
		};
/* End PBXTargetDependency section */

/* Begin XCBuildConfiguration section */
		3084109D2A034B0B00B0351E /* Debug */ = {
			isa = XCBuildConfiguration;
			buildSettings = {
				ALWAYS_SEARCH_USER_PATHS = NO;
				CLANG_ANALYZER_NONNULL = YES;
				CLANG_ANALYZER_NUMBER_OBJECT_CONVERSION = YES_AGGRESSIVE;
				CLANG_CXX_LANGUAGE_STANDARD = "gnu++20";
				CLANG_ENABLE_MODULES = YES;
				CLANG_ENABLE_OBJC_ARC = YES;
				CLANG_ENABLE_OBJC_WEAK = YES;
				CLANG_WARN_BLOCK_CAPTURE_AUTORELEASING = YES;
				CLANG_WARN_BOOL_CONVERSION = YES;
				CLANG_WARN_COMMA = YES;
				CLANG_WARN_CONSTANT_CONVERSION = YES;
				CLANG_WARN_DEPRECATED_OBJC_IMPLEMENTATIONS = YES;
				CLANG_WARN_DIRECT_OBJC_ISA_USAGE = YES_ERROR;
				CLANG_WARN_DOCUMENTATION_COMMENTS = YES;
				CLANG_WARN_EMPTY_BODY = YES;
				CLANG_WARN_ENUM_CONVERSION = YES;
				CLANG_WARN_INFINITE_RECURSION = YES;
				CLANG_WARN_INT_CONVERSION = YES;
				CLANG_WARN_NON_LITERAL_NULL_CONVERSION = YES;
				CLANG_WARN_OBJC_IMPLICIT_RETAIN_SELF = YES;
				CLANG_WARN_OBJC_LITERAL_CONVERSION = YES;
				CLANG_WARN_OBJC_ROOT_CLASS = YES_ERROR;
				CLANG_WARN_QUOTED_INCLUDE_IN_FRAMEWORK_HEADER = YES;
				CLANG_WARN_RANGE_LOOP_ANALYSIS = YES;
				CLANG_WARN_STRICT_PROTOTYPES = YES;
				CLANG_WARN_SUSPICIOUS_MOVE = YES;
				CLANG_WARN_UNGUARDED_AVAILABILITY = YES_AGGRESSIVE;
				CLANG_WARN_UNREACHABLE_CODE = YES;
				CLANG_WARN__DUPLICATE_METHOD_MATCH = YES;
				COPY_PHASE_STRIP = NO;
				CURRENT_PROJECT_VERSION = 1;
				DEBUG_INFORMATION_FORMAT = dwarf;
				ENABLE_STRICT_OBJC_MSGSEND = YES;
				ENABLE_TESTABILITY = YES;
				GCC_C_LANGUAGE_STANDARD = gnu11;
				GCC_DYNAMIC_NO_PIC = NO;
				GCC_NO_COMMON_BLOCKS = YES;
				GCC_OPTIMIZATION_LEVEL = 0;
				GCC_PREPROCESSOR_DEFINITIONS = (
					"DEBUG=1",
					"$(inherited)",
				);
				GCC_WARN_64_TO_32_BIT_CONVERSION = YES;
				GCC_WARN_ABOUT_RETURN_TYPE = YES_ERROR;
				GCC_WARN_UNDECLARED_SELECTOR = YES;
				GCC_WARN_UNINITIALIZED_AUTOS = YES_AGGRESSIVE;
				GCC_WARN_UNUSED_FUNCTION = YES;
				GCC_WARN_UNUSED_VARIABLE = YES;
				MACOSX_DEPLOYMENT_TARGET = 12.6;
				MTL_ENABLE_DEBUG_INFO = INCLUDE_SOURCE;
				MTL_FAST_MATH = YES;
				ONLY_ACTIVE_ARCH = YES;
				SDKROOT = macosx;
				SWIFT_ACTIVE_COMPILATION_CONDITIONS = DEBUG;
				SWIFT_OPTIMIZATION_LEVEL = "-Onone";
				VERSIONING_SYSTEM = "apple-generic";
				VERSION_INFO_PREFIX = "";
			};
			name = Debug;
		};
		3084109E2A034B0B00B0351E /* Release */ = {
			isa = XCBuildConfiguration;
			buildSettings = {
				ALWAYS_SEARCH_USER_PATHS = NO;
				CLANG_ANALYZER_NONNULL = YES;
				CLANG_ANALYZER_NUMBER_OBJECT_CONVERSION = YES_AGGRESSIVE;
				CLANG_CXX_LANGUAGE_STANDARD = "gnu++20";
				CLANG_ENABLE_MODULES = YES;
				CLANG_ENABLE_OBJC_ARC = YES;
				CLANG_ENABLE_OBJC_WEAK = YES;
				CLANG_WARN_BLOCK_CAPTURE_AUTORELEASING = YES;
				CLANG_WARN_BOOL_CONVERSION = YES;
				CLANG_WARN_COMMA = YES;
				CLANG_WARN_CONSTANT_CONVERSION = YES;
				CLANG_WARN_DEPRECATED_OBJC_IMPLEMENTATIONS = YES;
				CLANG_WARN_DIRECT_OBJC_ISA_USAGE = YES_ERROR;
				CLANG_WARN_DOCUMENTATION_COMMENTS = YES;
				CLANG_WARN_EMPTY_BODY = YES;
				CLANG_WARN_ENUM_CONVERSION = YES;
				CLANG_WARN_INFINITE_RECURSION = YES;
				CLANG_WARN_INT_CONVERSION = YES;
				CLANG_WARN_NON_LITERAL_NULL_CONVERSION = YES;
				CLANG_WARN_OBJC_IMPLICIT_RETAIN_SELF = YES;
				CLANG_WARN_OBJC_LITERAL_CONVERSION = YES;
				CLANG_WARN_OBJC_ROOT_CLASS = YES_ERROR;
				CLANG_WARN_QUOTED_INCLUDE_IN_FRAMEWORK_HEADER = YES;
				CLANG_WARN_RANGE_LOOP_ANALYSIS = YES;
				CLANG_WARN_STRICT_PROTOTYPES = YES;
				CLANG_WARN_SUSPICIOUS_MOVE = YES;
				CLANG_WARN_UNGUARDED_AVAILABILITY = YES_AGGRESSIVE;
				CLANG_WARN_UNREACHABLE_CODE = YES;
				CLANG_WARN__DUPLICATE_METHOD_MATCH = YES;
				COPY_PHASE_STRIP = NO;
				CURRENT_PROJECT_VERSION = 1;
				DEBUG_INFORMATION_FORMAT = "dwarf-with-dsym";
				ENABLE_NS_ASSERTIONS = NO;
				ENABLE_STRICT_OBJC_MSGSEND = YES;
				GCC_C_LANGUAGE_STANDARD = gnu11;
				GCC_NO_COMMON_BLOCKS = YES;
				GCC_WARN_64_TO_32_BIT_CONVERSION = YES;
				GCC_WARN_ABOUT_RETURN_TYPE = YES_ERROR;
				GCC_WARN_UNDECLARED_SELECTOR = YES;
				GCC_WARN_UNINITIALIZED_AUTOS = YES_AGGRESSIVE;
				GCC_WARN_UNUSED_FUNCTION = YES;
				GCC_WARN_UNUSED_VARIABLE = YES;
				MACOSX_DEPLOYMENT_TARGET = 12.6;
				MTL_ENABLE_DEBUG_INFO = NO;
				MTL_FAST_MATH = YES;
				SDKROOT = macosx;
				SWIFT_COMPILATION_MODE = wholemodule;
				SWIFT_OPTIMIZATION_LEVEL = "-O";
				VERSIONING_SYSTEM = "apple-generic";
				VERSION_INFO_PREFIX = "";
			};
			name = Release;
		};
		308410A02A034B0B00B0351E /* Debug */ = {
			isa = XCBuildConfiguration;
			buildSettings = {
				"CODE_SIGN_IDENTITY[sdk=macosx*]" = "-";
				CODE_SIGN_STYLE = Automatic;
				COMBINE_HIDPI_IMAGES = YES;
				CURRENT_PROJECT_VERSION = 1;
				DEFINES_MODULE = YES;
				DEVELOPMENT_TEAM = 5K6BH2N7SF;
				DYLIB_COMPATIBILITY_VERSION = 1;
				DYLIB_CURRENT_VERSION = 1;
				DYLIB_INSTALL_NAME_BASE = "@rpath";
				GENERATE_INFOPLIST_FILE = YES;
				INFOPLIST_KEY_NSHumanReadableCopyright = "";
				INSTALL_PATH = "$(LOCAL_LIBRARY_DIR)/Frameworks";
				LD_RUNPATH_SEARCH_PATHS = (
					"$(inherited)",
					"@executable_path/../Frameworks",
					"@loader_path/Frameworks",
				);
				MARKETING_VERSION = 1.0;
				PRODUCT_BUNDLE_IDENTIFIER = com.galih.EssentialFeed;
				PRODUCT_NAME = "$(TARGET_NAME:c99extidentifier)";
				SKIP_INSTALL = YES;
				SWIFT_EMIT_LOC_STRINGS = YES;
				SWIFT_VERSION = 5.0;
			};
			name = Debug;
		};
		308410A12A034B0B00B0351E /* Release */ = {
			isa = XCBuildConfiguration;
			buildSettings = {
				"CODE_SIGN_IDENTITY[sdk=macosx*]" = "-";
				CODE_SIGN_STYLE = Automatic;
				COMBINE_HIDPI_IMAGES = YES;
				CURRENT_PROJECT_VERSION = 1;
				DEFINES_MODULE = YES;
				DEVELOPMENT_TEAM = 5K6BH2N7SF;
				DYLIB_COMPATIBILITY_VERSION = 1;
				DYLIB_CURRENT_VERSION = 1;
				DYLIB_INSTALL_NAME_BASE = "@rpath";
				GENERATE_INFOPLIST_FILE = YES;
				INFOPLIST_KEY_NSHumanReadableCopyright = "";
				INSTALL_PATH = "$(LOCAL_LIBRARY_DIR)/Frameworks";
				LD_RUNPATH_SEARCH_PATHS = (
					"$(inherited)",
					"@executable_path/../Frameworks",
					"@loader_path/Frameworks",
				);
				MARKETING_VERSION = 1.0;
				PRODUCT_BUNDLE_IDENTIFIER = com.galih.EssentialFeed;
				PRODUCT_NAME = "$(TARGET_NAME:c99extidentifier)";
				SKIP_INSTALL = YES;
				SWIFT_EMIT_LOC_STRINGS = YES;
				SWIFT_VERSION = 5.0;
			};
			name = Release;
		};
		308410A32A034B0B00B0351E /* Debug */ = {
			isa = XCBuildConfiguration;
			buildSettings = {
				ALWAYS_EMBED_SWIFT_STANDARD_LIBRARIES = YES;
				"CODE_SIGN_IDENTITY[sdk=macosx*]" = "-";
				CODE_SIGN_STYLE = Automatic;
				CURRENT_PROJECT_VERSION = 1;
				DEVELOPMENT_TEAM = 5K6BH2N7SF;
				GENERATE_INFOPLIST_FILE = YES;
				MARKETING_VERSION = 1.0;
				PRODUCT_BUNDLE_IDENTIFIER = com.galih.EssentialFeedTests;
				PRODUCT_NAME = "$(TARGET_NAME)";
				SWIFT_EMIT_LOC_STRINGS = NO;
				SWIFT_VERSION = 5.0;
			};
			name = Debug;
		};
		308410A42A034B0B00B0351E /* Release */ = {
			isa = XCBuildConfiguration;
			buildSettings = {
				ALWAYS_EMBED_SWIFT_STANDARD_LIBRARIES = YES;
				"CODE_SIGN_IDENTITY[sdk=macosx*]" = "-";
				CODE_SIGN_STYLE = Automatic;
				CURRENT_PROJECT_VERSION = 1;
				DEVELOPMENT_TEAM = 5K6BH2N7SF;
				GENERATE_INFOPLIST_FILE = YES;
				MARKETING_VERSION = 1.0;
				PRODUCT_BUNDLE_IDENTIFIER = com.galih.EssentialFeedTests;
				PRODUCT_NAME = "$(TARGET_NAME)";
				SWIFT_EMIT_LOC_STRINGS = NO;
				SWIFT_VERSION = 5.0;
			};
			name = Release;
		};
		309170B42A0B417B00E0623A /* Debug */ = {
			isa = XCBuildConfiguration;
			buildSettings = {
				"CODE_SIGN_IDENTITY[sdk=macosx*]" = "-";
				CODE_SIGN_STYLE = Automatic;
				CURRENT_PROJECT_VERSION = 1;
				DEVELOPMENT_TEAM = 5K6BH2N7SF;
				GENERATE_INFOPLIST_FILE = YES;
				MARKETING_VERSION = 1.0;
				PRODUCT_BUNDLE_IDENTIFIER = com.galih.EssentialFeedAPIEndToEndTests;
				PRODUCT_NAME = "$(TARGET_NAME)";
				SWIFT_EMIT_LOC_STRINGS = NO;
				SWIFT_VERSION = 5.0;
			};
			name = Debug;
		};
		309170B52A0B417B00E0623A /* Release */ = {
			isa = XCBuildConfiguration;
			buildSettings = {
				"CODE_SIGN_IDENTITY[sdk=macosx*]" = "-";
				CODE_SIGN_STYLE = Automatic;
				CURRENT_PROJECT_VERSION = 1;
				DEVELOPMENT_TEAM = 5K6BH2N7SF;
				GENERATE_INFOPLIST_FILE = YES;
				MARKETING_VERSION = 1.0;
				PRODUCT_BUNDLE_IDENTIFIER = com.galih.EssentialFeedAPIEndToEndTests;
				PRODUCT_NAME = "$(TARGET_NAME)";
				SWIFT_EMIT_LOC_STRINGS = NO;
				SWIFT_VERSION = 5.0;
			};
			name = Release;
		};
/* End XCBuildConfiguration section */

/* Begin XCConfigurationList section */
		308410852A034B0A00B0351E /* Build configuration list for PBXProject "EssentialFeed" */ = {
			isa = XCConfigurationList;
			buildConfigurations = (
				3084109D2A034B0B00B0351E /* Debug */,
				3084109E2A034B0B00B0351E /* Release */,
			);
			defaultConfigurationIsVisible = 0;
			defaultConfigurationName = Release;
		};
		3084109F2A034B0B00B0351E /* Build configuration list for PBXNativeTarget "EssentialFeed" */ = {
			isa = XCConfigurationList;
			buildConfigurations = (
				308410A02A034B0B00B0351E /* Debug */,
				308410A12A034B0B00B0351E /* Release */,
			);
			defaultConfigurationIsVisible = 0;
			defaultConfigurationName = Release;
		};
		308410A22A034B0B00B0351E /* Build configuration list for PBXNativeTarget "EssentialFeedTests" */ = {
			isa = XCConfigurationList;
			buildConfigurations = (
				308410A32A034B0B00B0351E /* Debug */,
				308410A42A034B0B00B0351E /* Release */,
			);
			defaultConfigurationIsVisible = 0;
			defaultConfigurationName = Release;
		};
		309170B62A0B417B00E0623A /* Build configuration list for PBXNativeTarget "EssentialFeedAPIEndToEndTests" */ = {
			isa = XCConfigurationList;
			buildConfigurations = (
				309170B42A0B417B00E0623A /* Debug */,
				309170B52A0B417B00E0623A /* Release */,
			);
			defaultConfigurationIsVisible = 0;
			defaultConfigurationName = Release;
		};
/* End XCConfigurationList section */
	};
	rootObject = 308410822A034B0A00B0351E /* Project object */;
}
